# THIS IS AN AUTOGENERATED FILE. DO NOT EDIT THIS FILE DIRECTLY.
# yarn lockfile v1


pandoc@0.2.0:
  version "0.2.0"
  resolved "https://registry.yarnpkg.com/pandoc/-/pandoc-0.2.0.tgz#897cf45d11e72ef6c5d7de667a7c30336c5d361b"
  integrity sha512-OD/Sqpv7QYwxgNpzLeEWPkN7+BQgJfONW5UUiEBwYItfszPUU4kS9fA4f0GpWoN1TdGW899dI/7vioMgchtNnQ==
